
Microsoft Visual Studio Solution File, Format Version 12.00
# Visual Studio Version 16
VisualStudioVersion = 16.0.31911.196
MinimumVisualStudioVersion = 10.0.40219.1
Project("{FAE04EC0-301F-11D3-BF4B-00C04F79EFBC}") = "IComputeEmpwage", "IComputeEmpwage\IComputeEmpwage.csproj", "{4122CBB9-2F9F-4EE7-B4EF-9B05ABDB1D39}"
EndProject
Project("{2150E333-8FDC-42A3-9474-1A3956D46DE8}") = "Solution Items", "Solution Items", "{5383EABF-238F-4586-8926-B9ED2A9DA078}"
	ProjectSection(SolutionItems) = preProject
		.editorconfig = .editorconfig
	EndProjectSection
EndProject
Global
	GlobalSection(SolutionConfigurationPlatforms) = preSolution
		Debug|Any CPU = Debug|Any CPU
		Release|Any CPU = Release|Any CPU
	EndGlobalSection
	GlobalSection(ProjectConfigurationPlatforms) = postSolution
		{4122CBB9-2F9F-4EE7-B4EF-9B05ABDB1D39}.Debug|Any CPU.ActiveCfg = Debug|Any CPU
		{4122CBB9-2F9F-4EE7-B4EF-9B05ABDB1D39}.Debug|Any CPU.Build.0 = Debug|Any CPU
		{4122CBB9-2F9F-4EE7-B4EF-9B05ABDB1D39}.Release|Any CPU.ActiveCfg = Release|Any CPU
		{4122CBB9-2F9F-4EE7-B4EF-9B05ABDB1D39}.Release|Any CPU.Build.0 = Release|Any CPU
	EndGlobalSection
	GlobalSection(SolutionProperties) = preSolution
		HideSolutionNode = FALSE
	EndGlobalSection
	GlobalSection(ExtensibilityGlobals) = postSolution
		SolutionGuid = {D8861754-28D7-4953-B2B1-6C87B34F34EF}
	EndGlobalSection
EndGlobal
